
Microsoft Visual Studio Solution File, Format Version 12.00
# Visual Studio 14
VisualStudioVersion = 14.0.25420.1
MinimumVisualStudioVersion = 10.0.40219.1
Project("{FAE04EC0-301F-11D3-BF4B-00C04F79EFBC}") = "Find", "Find\Find.csproj", "{BB9444D6-1FC1-449E-AE5C-008BD1CAEEA9}"
EndProject
Project("{FAE04EC0-301F-11D3-BF4B-00C04F79EFBC}") = "FindWithComplexKey", "FindWithComplexKey\FindWithComplexKey.csproj", "{2AB792E6-E174-4AC9-B2D0-1AD2BE300840}"
EndProject
Project("{2150E333-8FDC-42A3-9474-1A3956D46DE8}") = "SearchAndFilter", "SearchAndFilter", "{C43D8342-89EF-4A4F-8A6D-D98888A8FC49}"
EndProject
Project("{FAE04EC0-301F-11D3-BF4B-00C04F79EFBC}") = "SearchWithSelect", "SearchWithSelect\SearchWithSelect.csproj", "{65E6195D-A9B2-4FBA-B495-49CF2558FFA6}"
EndProject
Project("{2150E333-8FDC-42A3-9474-1A3956D46DE8}") = "DataView", "DataView", "{51BE2DF3-A48B-46C7-9B20-7493BDA12A0A}"
EndProject
Project("{FAE04EC0-301F-11D3-BF4B-00C04F79EFBC}") = "DataView1", "DataView1\DataView1.csproj", "{941EE719-4C28-4351-929C-675875C3C565}"
EndProject
Project("{FAE04EC0-301F-11D3-BF4B-00C04F79EFBC}") = "DataView2", "DataView2\DataView2.csproj", "{5A543CFA-CFD8-4B93-94AE-ADD7490B41A5}"
EndProject
Project("{FAE04EC0-301F-11D3-BF4B-00C04F79EFBC}") = "FindForm", "FindForm\FindForm.csproj", "{BC4EC0E2-0807-4D87-BD15-ACB5CB9AFC8A}"
EndProject
Project("{FAE04EC0-301F-11D3-BF4B-00C04F79EFBC}") = "FindRowsForm", "FindRowsForm\FindRowsForm.csproj", "{BE38CAC9-4E8E-4DA3-A42D-94618818396D}"
EndProject
Project("{FAE04EC0-301F-11D3-BF4B-00C04F79EFBC}") = "TableFromView", "TableFromView\TableFromView.csproj", "{7BD8742F-2C1F-4BA8-8504-4DCC3FE81ADE}"
EndProject
Project("{2150E333-8FDC-42A3-9474-1A3956D46DE8}") = "LINQToDataSet", "LINQToDataSet", "{F5A089D6-AE96-4462-9EC8-ABDFC29F92BB}"
EndProject
Project("{FAE04EC0-301F-11D3-BF4B-00C04F79EFBC}") = "AsEnumerable", "AsEnumerable\AsEnumerable.csproj", "{A7DDF45E-0E27-4BB0-AEBF-39151D87378A}"
EndProject
Project("{FAE04EC0-301F-11D3-BF4B-00C04F79EFBC}") = "AsDataView", "AsDataView\AsDataView.csproj", "{CFDAC355-4B76-4591-B70D-FBEE3C52BFFC}"
EndProject
Project("{FAE04EC0-301F-11D3-BF4B-00C04F79EFBC}") = "JoinWithLINQ1", "JoinWithLINQ1\JoinWithLINQ1.csproj", "{38F3BAEA-5EFD-4CCB-8859-0ABA77668708}"
EndProject
Project("{FAE04EC0-301F-11D3-BF4B-00C04F79EFBC}") = "JoinWithLINQ2", "JoinWithLINQ2\JoinWithLINQ2.csproj", "{FB3FA429-3901-4C65-B043-D125F11764DA}"
EndProject
Project("{FAE04EC0-301F-11D3-BF4B-00C04F79EFBC}") = "HomeWork", "HomeWork\HomeWork.csproj", "{472AC357-BC9C-4080-A5A0-6CBEB85749BA}"
EndProject
Global
	GlobalSection(SolutionConfigurationPlatforms) = preSolution
		Debug|Any CPU = Debug|Any CPU
		Release|Any CPU = Release|Any CPU
	EndGlobalSection
	GlobalSection(ProjectConfigurationPlatforms) = postSolution
		{BB9444D6-1FC1-449E-AE5C-008BD1CAEEA9}.Debug|Any CPU.ActiveCfg = Debug|Any CPU
		{BB9444D6-1FC1-449E-AE5C-008BD1CAEEA9}.Debug|Any CPU.Build.0 = Debug|Any CPU
		{BB9444D6-1FC1-449E-AE5C-008BD1CAEEA9}.Release|Any CPU.ActiveCfg = Release|Any CPU
		{BB9444D6-1FC1-449E-AE5C-008BD1CAEEA9}.Release|Any CPU.Build.0 = Release|Any CPU
		{2AB792E6-E174-4AC9-B2D0-1AD2BE300840}.Debug|Any CPU.ActiveCfg = Debug|Any CPU
		{2AB792E6-E174-4AC9-B2D0-1AD2BE300840}.Debug|Any CPU.Build.0 = Debug|Any CPU
		{2AB792E6-E174-4AC9-B2D0-1AD2BE300840}.Release|Any CPU.ActiveCfg = Release|Any CPU
		{2AB792E6-E174-4AC9-B2D0-1AD2BE300840}.Release|Any CPU.Build.0 = Release|Any CPU
		{65E6195D-A9B2-4FBA-B495-49CF2558FFA6}.Debug|Any CPU.ActiveCfg = Debug|Any CPU
		{65E6195D-A9B2-4FBA-B495-49CF2558FFA6}.Debug|Any CPU.Build.0 = Debug|Any CPU
		{65E6195D-A9B2-4FBA-B495-49CF2558FFA6}.Release|Any CPU.ActiveCfg = Release|Any CPU
		{65E6195D-A9B2-4FBA-B495-49CF2558FFA6}.Release|Any CPU.Build.0 = Release|Any CPU
		{941EE719-4C28-4351-929C-675875C3C565}.Debug|Any CPU.ActiveCfg = Debug|Any CPU
		{941EE719-4C28-4351-929C-675875C3C565}.Debug|Any CPU.Build.0 = Debug|Any CPU
		{941EE719-4C28-4351-929C-675875C3C565}.Release|Any CPU.ActiveCfg = Release|Any CPU
		{941EE719-4C28-4351-929C-675875C3C565}.Release|Any CPU.Build.0 = Release|Any CPU
		{5A543CFA-CFD8-4B93-94AE-ADD7490B41A5}.Debug|Any CPU.ActiveCfg = Debug|Any CPU
		{5A543CFA-CFD8-4B93-94AE-ADD7490B41A5}.Debug|Any CPU.Build.0 = Debug|Any CPU
		{5A543CFA-CFD8-4B93-94AE-ADD7490B41A5}.Release|Any CPU.ActiveCfg = Release|Any CPU
		{5A543CFA-CFD8-4B93-94AE-ADD7490B41A5}.Release|Any CPU.Build.0 = Release|Any CPU
		{BC4EC0E2-0807-4D87-BD15-ACB5CB9AFC8A}.Debug|Any CPU.ActiveCfg = Debug|Any CPU
		{BC4EC0E2-0807-4D87-BD15-ACB5CB9AFC8A}.Debug|Any CPU.Build.0 = Debug|Any CPU
		{BC4EC0E2-0807-4D87-BD15-ACB5CB9AFC8A}.Release|Any CPU.ActiveCfg = Release|Any CPU
		{BC4EC0E2-0807-4D87-BD15-ACB5CB9AFC8A}.Release|Any CPU.Build.0 = Release|Any CPU
		{BE38CAC9-4E8E-4DA3-A42D-94618818396D}.Debug|Any CPU.ActiveCfg = Debug|Any CPU
		{BE38CAC9-4E8E-4DA3-A42D-94618818396D}.Debug|Any CPU.Build.0 = Debug|Any CPU
		{BE38CAC9-4E8E-4DA3-A42D-94618818396D}.Release|Any CPU.ActiveCfg = Release|Any CPU
		{BE38CAC9-4E8E-4DA3-A42D-94618818396D}.Release|Any CPU.Build.0 = Release|Any CPU
		{7BD8742F-2C1F-4BA8-8504-4DCC3FE81ADE}.Debug|Any CPU.ActiveCfg = Debug|Any CPU
		{7BD8742F-2C1F-4BA8-8504-4DCC3FE81ADE}.Debug|Any CPU.Build.0 = Debug|Any CPU
		{7BD8742F-2C1F-4BA8-8504-4DCC3FE81ADE}.Release|Any CPU.ActiveCfg = Release|Any CPU
		{7BD8742F-2C1F-4BA8-8504-4DCC3FE81ADE}.Release|Any CPU.Build.0 = Release|Any CPU
		{A7DDF45E-0E27-4BB0-AEBF-39151D87378A}.Debug|Any CPU.ActiveCfg = Debug|Any CPU
		{A7DDF45E-0E27-4BB0-AEBF-39151D87378A}.Debug|Any CPU.Build.0 = Debug|Any CPU
		{A7DDF45E-0E27-4BB0-AEBF-39151D87378A}.Release|Any CPU.ActiveCfg = Release|Any CPU
		{A7DDF45E-0E27-4BB0-AEBF-39151D87378A}.Release|Any CPU.Build.0 = Release|Any CPU
		{CFDAC355-4B76-4591-B70D-FBEE3C52BFFC}.Debug|Any CPU.ActiveCfg = Debug|Any CPU
		{CFDAC355-4B76-4591-B70D-FBEE3C52BFFC}.Debug|Any CPU.Build.0 = Debug|Any CPU
		{CFDAC355-4B76-4591-B70D-FBEE3C52BFFC}.Release|Any CPU.ActiveCfg = Release|Any CPU
		{CFDAC355-4B76-4591-B70D-FBEE3C52BFFC}.Release|Any CPU.Build.0 = Release|Any CPU
		{38F3BAEA-5EFD-4CCB-8859-0ABA77668708}.Debug|Any CPU.ActiveCfg = Debug|Any CPU
		{38F3BAEA-5EFD-4CCB-8859-0ABA77668708}.Debug|Any CPU.Build.0 = Debug|Any CPU
		{38F3BAEA-5EFD-4CCB-8859-0ABA77668708}.Release|Any CPU.ActiveCfg = Release|Any CPU
		{38F3BAEA-5EFD-4CCB-8859-0ABA77668708}.Release|Any CPU.Build.0 = Release|Any CPU
		{FB3FA429-3901-4C65-B043-D125F11764DA}.Debug|Any CPU.ActiveCfg = Debug|Any CPU
		{FB3FA429-3901-4C65-B043-D125F11764DA}.Debug|Any CPU.Build.0 = Debug|Any CPU
		{FB3FA429-3901-4C65-B043-D125F11764DA}.Release|Any CPU.ActiveCfg = Release|Any CPU
		{FB3FA429-3901-4C65-B043-D125F11764DA}.Release|Any CPU.Build.0 = Release|Any CPU
		{472AC357-BC9C-4080-A5A0-6CBEB85749BA}.Debug|Any CPU.ActiveCfg = Debug|Any CPU
		{472AC357-BC9C-4080-A5A0-6CBEB85749BA}.Debug|Any CPU.Build.0 = Debug|Any CPU
		{472AC357-BC9C-4080-A5A0-6CBEB85749BA}.Release|Any CPU.ActiveCfg = Release|Any CPU
		{472AC357-BC9C-4080-A5A0-6CBEB85749BA}.Release|Any CPU.Build.0 = Release|Any CPU
	EndGlobalSection
	GlobalSection(SolutionProperties) = preSolution
		HideSolutionNode = FALSE
	EndGlobalSection
	GlobalSection(NestedProjects) = preSolution
		{BB9444D6-1FC1-449E-AE5C-008BD1CAEEA9} = {C43D8342-89EF-4A4F-8A6D-D98888A8FC49}
		{2AB792E6-E174-4AC9-B2D0-1AD2BE300840} = {C43D8342-89EF-4A4F-8A6D-D98888A8FC49}
		{65E6195D-A9B2-4FBA-B495-49CF2558FFA6} = {C43D8342-89EF-4A4F-8A6D-D98888A8FC49}
		{941EE719-4C28-4351-929C-675875C3C565} = {51BE2DF3-A48B-46C7-9B20-7493BDA12A0A}
		{5A543CFA-CFD8-4B93-94AE-ADD7490B41A5} = {51BE2DF3-A48B-46C7-9B20-7493BDA12A0A}
		{BC4EC0E2-0807-4D87-BD15-ACB5CB9AFC8A} = {51BE2DF3-A48B-46C7-9B20-7493BDA12A0A}
		{BE38CAC9-4E8E-4DA3-A42D-94618818396D} = {51BE2DF3-A48B-46C7-9B20-7493BDA12A0A}
		{7BD8742F-2C1F-4BA8-8504-4DCC3FE81ADE} = {51BE2DF3-A48B-46C7-9B20-7493BDA12A0A}
		{A7DDF45E-0E27-4BB0-AEBF-39151D87378A} = {F5A089D6-AE96-4462-9EC8-ABDFC29F92BB}
		{CFDAC355-4B76-4591-B70D-FBEE3C52BFFC} = {F5A089D6-AE96-4462-9EC8-ABDFC29F92BB}
		{38F3BAEA-5EFD-4CCB-8859-0ABA77668708} = {F5A089D6-AE96-4462-9EC8-ABDFC29F92BB}
		{FB3FA429-3901-4C65-B043-D125F11764DA} = {F5A089D6-AE96-4462-9EC8-ABDFC29F92BB}
	EndGlobalSection
EndGlobal
