
Microsoft Visual Studio Solution File, Format Version 12.00
# Visual Studio 14
VisualStudioVersion = 14.0.25420.1
MinimumVisualStudioVersion = 10.0.40219.1
Project("{FAE04EC0-301F-11D3-BF4B-00C04F79EFBC}") = "RowStateDetachedAdded", "RowStateDetachedAdded\RowStateDetachedAdded.csproj", "{AF861B48-44B4-452B-A425-18FC1502539E}"
EndProject
Project("{FAE04EC0-301F-11D3-BF4B-00C04F79EFBC}") = "RowStateUnchanged", "RowStateUnchanged\RowStateUnchanged.csproj", "{C6FB9020-D89A-49B6-86B0-8EAADF3736A3}"
EndProject
Project("{FAE04EC0-301F-11D3-BF4B-00C04F79EFBC}") = "RowStateDeleted", "RowStateDeleted\RowStateDeleted.csproj", "{12794D13-D549-45A9-B57A-9DA440ECFADC}"
EndProject
Project("{FAE04EC0-301F-11D3-BF4B-00C04F79EFBC}") = "RowStateModified", "RowStateModified\RowStateModified.csproj", "{220A55CA-5D7C-4950-9D31-4D9B7C88651F}"
EndProject
Project("{2150E333-8FDC-42A3-9474-1A3956D46DE8}") = "RowState", "RowState", "{E2E68D7B-1564-4A3E-B02C-0D860B5E1D28}"
EndProject
Project("{FAE04EC0-301F-11D3-BF4B-00C04F79EFBC}") = "EditRow", "EditRow\EditRow.csproj", "{7A97B6FE-2EDE-42C7-A805-D4DEE7BA2C55}"
EndProject
Project("{FAE04EC0-301F-11D3-BF4B-00C04F79EFBC}") = "RowVersion", "RowVersion\RowVersion.csproj", "{E0E5D98D-50CC-4737-AA67-60427A805676}"
EndProject
Project("{2150E333-8FDC-42A3-9474-1A3956D46DE8}") = "RowVersion", "RowVersion", "{8F31833B-4362-4203-9983-E09F70AF8B80}"
EndProject
Project("{FAE04EC0-301F-11D3-BF4B-00C04F79EFBC}") = "ProposedVersion", "ProposedVersion\ProposedVersion.csproj", "{4D267ED7-B655-4AE7-9054-9A098AFC69B4}"
EndProject
Project("{FAE04EC0-301F-11D3-BF4B-00C04F79EFBC}") = "RowVersionWhenDelete", "RowVersionWhenDelete\RowVersionWhenDelete.csproj", "{55046826-513E-4CA3-9BE8-5BA42B2434F7}"
EndProject
Project("{2150E333-8FDC-42A3-9474-1A3956D46DE8}") = "DataAdapter", "DataAdapter", "{35E1F63F-F2E1-4925-B37C-4D1F5681B2DF}"
EndProject
Project("{FAE04EC0-301F-11D3-BF4B-00C04F79EFBC}") = "DataAdapter", "DataAdapter\DataAdapter.csproj", "{3F8E0C02-089E-483E-AF13-F04E73591076}"
EndProject
Project("{FAE04EC0-301F-11D3-BF4B-00C04F79EFBC}") = "FillDataSetForm", "FillDataSetForm\FillDataSetForm.csproj", "{7ED9D58A-D635-417B-8DDF-AAC26811B69C}"
EndProject
Project("{FAE04EC0-301F-11D3-BF4B-00C04F79EFBC}") = "TableMapping", "TableMapping\TableMapping.csproj", "{0F626A5B-875A-48D9-8674-91CB91B79E39}"
EndProject
Project("{FAE04EC0-301F-11D3-BF4B-00C04F79EFBC}") = "ColumnMapping", "ColumnMapping\ColumnMapping.csproj", "{CBBA25E6-038E-49CB-A961-A28ACC37DA8C}"
EndProject
Project("{FAE04EC0-301F-11D3-BF4B-00C04F79EFBC}") = "MissingSchemaAction", "MissingSchemaAction\MissingSchemaAction.csproj", "{0D9020FA-5EBF-4B06-9EFE-D4E2304A96E5}"
EndProject
Project("{FAE04EC0-301F-11D3-BF4B-00C04F79EFBC}") = "FillRowPart", "FillRowPart\FillRowPart.csproj", "{75791BC2-54E2-4D17-A0E0-B50F8DB0CD7A}"
EndProject
Project("{FAE04EC0-301F-11D3-BF4B-00C04F79EFBC}") = "PartOfRowsForm", "PartOfRowsForm\PartOfRowsForm.csproj", "{B43BE6BF-2700-49BD-95FA-80AE08D08078}"
EndProject
Project("{FAE04EC0-301F-11D3-BF4B-00C04F79EFBC}") = "HomeWork", "HomeWork\HomeWork.csproj", "{8CD3A67B-C7DB-40CB-900E-214965D4B00B}"
EndProject
Global
	GlobalSection(SolutionConfigurationPlatforms) = preSolution
		Debug|Any CPU = Debug|Any CPU
		Release|Any CPU = Release|Any CPU
	EndGlobalSection
	GlobalSection(ProjectConfigurationPlatforms) = postSolution
		{AF861B48-44B4-452B-A425-18FC1502539E}.Debug|Any CPU.ActiveCfg = Debug|Any CPU
		{AF861B48-44B4-452B-A425-18FC1502539E}.Debug|Any CPU.Build.0 = Debug|Any CPU
		{AF861B48-44B4-452B-A425-18FC1502539E}.Release|Any CPU.ActiveCfg = Release|Any CPU
		{AF861B48-44B4-452B-A425-18FC1502539E}.Release|Any CPU.Build.0 = Release|Any CPU
		{C6FB9020-D89A-49B6-86B0-8EAADF3736A3}.Debug|Any CPU.ActiveCfg = Debug|Any CPU
		{C6FB9020-D89A-49B6-86B0-8EAADF3736A3}.Debug|Any CPU.Build.0 = Debug|Any CPU
		{C6FB9020-D89A-49B6-86B0-8EAADF3736A3}.Release|Any CPU.ActiveCfg = Release|Any CPU
		{C6FB9020-D89A-49B6-86B0-8EAADF3736A3}.Release|Any CPU.Build.0 = Release|Any CPU
		{12794D13-D549-45A9-B57A-9DA440ECFADC}.Debug|Any CPU.ActiveCfg = Debug|Any CPU
		{12794D13-D549-45A9-B57A-9DA440ECFADC}.Debug|Any CPU.Build.0 = Debug|Any CPU
		{12794D13-D549-45A9-B57A-9DA440ECFADC}.Release|Any CPU.ActiveCfg = Release|Any CPU
		{12794D13-D549-45A9-B57A-9DA440ECFADC}.Release|Any CPU.Build.0 = Release|Any CPU
		{220A55CA-5D7C-4950-9D31-4D9B7C88651F}.Debug|Any CPU.ActiveCfg = Debug|Any CPU
		{220A55CA-5D7C-4950-9D31-4D9B7C88651F}.Debug|Any CPU.Build.0 = Debug|Any CPU
		{220A55CA-5D7C-4950-9D31-4D9B7C88651F}.Release|Any CPU.ActiveCfg = Release|Any CPU
		{220A55CA-5D7C-4950-9D31-4D9B7C88651F}.Release|Any CPU.Build.0 = Release|Any CPU
		{7A97B6FE-2EDE-42C7-A805-D4DEE7BA2C55}.Debug|Any CPU.ActiveCfg = Debug|Any CPU
		{7A97B6FE-2EDE-42C7-A805-D4DEE7BA2C55}.Debug|Any CPU.Build.0 = Debug|Any CPU
		{7A97B6FE-2EDE-42C7-A805-D4DEE7BA2C55}.Release|Any CPU.ActiveCfg = Release|Any CPU
		{7A97B6FE-2EDE-42C7-A805-D4DEE7BA2C55}.Release|Any CPU.Build.0 = Release|Any CPU
		{E0E5D98D-50CC-4737-AA67-60427A805676}.Debug|Any CPU.ActiveCfg = Debug|Any CPU
		{E0E5D98D-50CC-4737-AA67-60427A805676}.Debug|Any CPU.Build.0 = Debug|Any CPU
		{E0E5D98D-50CC-4737-AA67-60427A805676}.Release|Any CPU.ActiveCfg = Release|Any CPU
		{E0E5D98D-50CC-4737-AA67-60427A805676}.Release|Any CPU.Build.0 = Release|Any CPU
		{4D267ED7-B655-4AE7-9054-9A098AFC69B4}.Debug|Any CPU.ActiveCfg = Debug|Any CPU
		{4D267ED7-B655-4AE7-9054-9A098AFC69B4}.Debug|Any CPU.Build.0 = Debug|Any CPU
		{4D267ED7-B655-4AE7-9054-9A098AFC69B4}.Release|Any CPU.ActiveCfg = Release|Any CPU
		{4D267ED7-B655-4AE7-9054-9A098AFC69B4}.Release|Any CPU.Build.0 = Release|Any CPU
		{55046826-513E-4CA3-9BE8-5BA42B2434F7}.Debug|Any CPU.ActiveCfg = Debug|Any CPU
		{55046826-513E-4CA3-9BE8-5BA42B2434F7}.Debug|Any CPU.Build.0 = Debug|Any CPU
		{55046826-513E-4CA3-9BE8-5BA42B2434F7}.Release|Any CPU.ActiveCfg = Release|Any CPU
		{55046826-513E-4CA3-9BE8-5BA42B2434F7}.Release|Any CPU.Build.0 = Release|Any CPU
		{3F8E0C02-089E-483E-AF13-F04E73591076}.Debug|Any CPU.ActiveCfg = Debug|Any CPU
		{3F8E0C02-089E-483E-AF13-F04E73591076}.Debug|Any CPU.Build.0 = Debug|Any CPU
		{3F8E0C02-089E-483E-AF13-F04E73591076}.Release|Any CPU.ActiveCfg = Release|Any CPU
		{3F8E0C02-089E-483E-AF13-F04E73591076}.Release|Any CPU.Build.0 = Release|Any CPU
		{7ED9D58A-D635-417B-8DDF-AAC26811B69C}.Debug|Any CPU.ActiveCfg = Debug|Any CPU
		{7ED9D58A-D635-417B-8DDF-AAC26811B69C}.Debug|Any CPU.Build.0 = Debug|Any CPU
		{7ED9D58A-D635-417B-8DDF-AAC26811B69C}.Release|Any CPU.ActiveCfg = Release|Any CPU
		{7ED9D58A-D635-417B-8DDF-AAC26811B69C}.Release|Any CPU.Build.0 = Release|Any CPU
		{0F626A5B-875A-48D9-8674-91CB91B79E39}.Debug|Any CPU.ActiveCfg = Debug|Any CPU
		{0F626A5B-875A-48D9-8674-91CB91B79E39}.Debug|Any CPU.Build.0 = Debug|Any CPU
		{0F626A5B-875A-48D9-8674-91CB91B79E39}.Release|Any CPU.ActiveCfg = Release|Any CPU
		{0F626A5B-875A-48D9-8674-91CB91B79E39}.Release|Any CPU.Build.0 = Release|Any CPU
		{CBBA25E6-038E-49CB-A961-A28ACC37DA8C}.Debug|Any CPU.ActiveCfg = Debug|Any CPU
		{CBBA25E6-038E-49CB-A961-A28ACC37DA8C}.Debug|Any CPU.Build.0 = Debug|Any CPU
		{CBBA25E6-038E-49CB-A961-A28ACC37DA8C}.Release|Any CPU.ActiveCfg = Release|Any CPU
		{CBBA25E6-038E-49CB-A961-A28ACC37DA8C}.Release|Any CPU.Build.0 = Release|Any CPU
		{0D9020FA-5EBF-4B06-9EFE-D4E2304A96E5}.Debug|Any CPU.ActiveCfg = Debug|Any CPU
		{0D9020FA-5EBF-4B06-9EFE-D4E2304A96E5}.Debug|Any CPU.Build.0 = Debug|Any CPU
		{0D9020FA-5EBF-4B06-9EFE-D4E2304A96E5}.Release|Any CPU.ActiveCfg = Release|Any CPU
		{0D9020FA-5EBF-4B06-9EFE-D4E2304A96E5}.Release|Any CPU.Build.0 = Release|Any CPU
		{75791BC2-54E2-4D17-A0E0-B50F8DB0CD7A}.Debug|Any CPU.ActiveCfg = Debug|Any CPU
		{75791BC2-54E2-4D17-A0E0-B50F8DB0CD7A}.Debug|Any CPU.Build.0 = Debug|Any CPU
		{75791BC2-54E2-4D17-A0E0-B50F8DB0CD7A}.Release|Any CPU.ActiveCfg = Release|Any CPU
		{75791BC2-54E2-4D17-A0E0-B50F8DB0CD7A}.Release|Any CPU.Build.0 = Release|Any CPU
		{B43BE6BF-2700-49BD-95FA-80AE08D08078}.Debug|Any CPU.ActiveCfg = Debug|Any CPU
		{B43BE6BF-2700-49BD-95FA-80AE08D08078}.Debug|Any CPU.Build.0 = Debug|Any CPU
		{B43BE6BF-2700-49BD-95FA-80AE08D08078}.Release|Any CPU.ActiveCfg = Release|Any CPU
		{B43BE6BF-2700-49BD-95FA-80AE08D08078}.Release|Any CPU.Build.0 = Release|Any CPU
		{8CD3A67B-C7DB-40CB-900E-214965D4B00B}.Debug|Any CPU.ActiveCfg = Debug|Any CPU
		{8CD3A67B-C7DB-40CB-900E-214965D4B00B}.Debug|Any CPU.Build.0 = Debug|Any CPU
		{8CD3A67B-C7DB-40CB-900E-214965D4B00B}.Release|Any CPU.ActiveCfg = Release|Any CPU
		{8CD3A67B-C7DB-40CB-900E-214965D4B00B}.Release|Any CPU.Build.0 = Release|Any CPU
	EndGlobalSection
	GlobalSection(SolutionProperties) = preSolution
		HideSolutionNode = FALSE
	EndGlobalSection
	GlobalSection(NestedProjects) = preSolution
		{AF861B48-44B4-452B-A425-18FC1502539E} = {E2E68D7B-1564-4A3E-B02C-0D860B5E1D28}
		{C6FB9020-D89A-49B6-86B0-8EAADF3736A3} = {E2E68D7B-1564-4A3E-B02C-0D860B5E1D28}
		{12794D13-D549-45A9-B57A-9DA440ECFADC} = {E2E68D7B-1564-4A3E-B02C-0D860B5E1D28}
		{220A55CA-5D7C-4950-9D31-4D9B7C88651F} = {E2E68D7B-1564-4A3E-B02C-0D860B5E1D28}
		{7A97B6FE-2EDE-42C7-A805-D4DEE7BA2C55} = {E2E68D7B-1564-4A3E-B02C-0D860B5E1D28}
		{E0E5D98D-50CC-4737-AA67-60427A805676} = {8F31833B-4362-4203-9983-E09F70AF8B80}
		{4D267ED7-B655-4AE7-9054-9A098AFC69B4} = {8F31833B-4362-4203-9983-E09F70AF8B80}
		{55046826-513E-4CA3-9BE8-5BA42B2434F7} = {8F31833B-4362-4203-9983-E09F70AF8B80}
		{3F8E0C02-089E-483E-AF13-F04E73591076} = {35E1F63F-F2E1-4925-B37C-4D1F5681B2DF}
		{7ED9D58A-D635-417B-8DDF-AAC26811B69C} = {35E1F63F-F2E1-4925-B37C-4D1F5681B2DF}
		{0F626A5B-875A-48D9-8674-91CB91B79E39} = {35E1F63F-F2E1-4925-B37C-4D1F5681B2DF}
		{CBBA25E6-038E-49CB-A961-A28ACC37DA8C} = {35E1F63F-F2E1-4925-B37C-4D1F5681B2DF}
		{0D9020FA-5EBF-4B06-9EFE-D4E2304A96E5} = {35E1F63F-F2E1-4925-B37C-4D1F5681B2DF}
		{75791BC2-54E2-4D17-A0E0-B50F8DB0CD7A} = {35E1F63F-F2E1-4925-B37C-4D1F5681B2DF}
		{B43BE6BF-2700-49BD-95FA-80AE08D08078} = {35E1F63F-F2E1-4925-B37C-4D1F5681B2DF}
	EndGlobalSection
EndGlobal
